
Microsoft Visual Studio Solution File, Format Version 12.00
# Visual Studio 14
VisualStudioVersion = 14.0.24720.0
MinimumVisualStudioVersion = 10.0.40219.1
Project("{FAE04EC0-301F-11D3-BF4B-00C04F79EFBC}") = "WEB", "WEB\WEB.csproj", "{F426C898-BFF2-4B74-824C-B16EC4900477}"
EndProject
Project("{FAE04EC0-301F-11D3-BF4B-00C04F79EFBC}") = "Business", "Business\Business.csproj", "{9826AE00-46B9-4F6F-A7D1-66738CE714E3}"
EndProject
Project("{FAE04EC0-301F-11D3-BF4B-00C04F79EFBC}") = "Entity", "Entity\Entity.csproj", "{EDB35170-EA51-49F0-8FBD-005FB61F457B}"
EndProject
Project("{FAE04EC0-301F-11D3-BF4B-00C04F79EFBC}") = "ViewModel", "ViewModel\ViewModel.csproj", "{C79FF4E9-9816-4A8D-8035-068FC44E5954}"
EndProject
Global
	GlobalSection(SolutionConfigurationPlatforms) = preSolution
		Debug|Any CPU = Debug|Any CPU
		Release|Any CPU = Release|Any CPU
	EndGlobalSection
	GlobalSection(ProjectConfigurationPlatforms) = postSolution
		{F426C898-BFF2-4B74-824C-B16EC4900477}.Debug|Any CPU.ActiveCfg = Debug|Any CPU
		{F426C898-BFF2-4B74-824C-B16EC4900477}.Debug|Any CPU.Build.0 = Debug|Any CPU
		{F426C898-BFF2-4B74-824C-B16EC4900477}.Release|Any CPU.ActiveCfg = Release|Any CPU
		{F426C898-BFF2-4B74-824C-B16EC4900477}.Release|Any CPU.Build.0 = Release|Any CPU
		{9826AE00-46B9-4F6F-A7D1-66738CE714E3}.Debug|Any CPU.ActiveCfg = Debug|Any CPU
		{9826AE00-46B9-4F6F-A7D1-66738CE714E3}.Debug|Any CPU.Build.0 = Debug|Any CPU
		{9826AE00-46B9-4F6F-A7D1-66738CE714E3}.Release|Any CPU.ActiveCfg = Release|Any CPU
		{9826AE00-46B9-4F6F-A7D1-66738CE714E3}.Release|Any CPU.Build.0 = Release|Any CPU
		{EDB35170-EA51-49F0-8FBD-005FB61F457B}.Debug|Any CPU.ActiveCfg = Debug|Any CPU
		{EDB35170-EA51-49F0-8FBD-005FB61F457B}.Debug|Any CPU.Build.0 = Debug|Any CPU
		{EDB35170-EA51-49F0-8FBD-005FB61F457B}.Release|Any CPU.ActiveCfg = Release|Any CPU
		{EDB35170-EA51-49F0-8FBD-005FB61F457B}.Release|Any CPU.Build.0 = Release|Any CPU
		{C79FF4E9-9816-4A8D-8035-068FC44E5954}.Debug|Any CPU.ActiveCfg = Debug|Any CPU
		{C79FF4E9-9816-4A8D-8035-068FC44E5954}.Debug|Any CPU.Build.0 = Debug|Any CPU
		{C79FF4E9-9816-4A8D-8035-068FC44E5954}.Release|Any CPU.ActiveCfg = Release|Any CPU
		{C79FF4E9-9816-4A8D-8035-068FC44E5954}.Release|Any CPU.Build.0 = Release|Any CPU
	EndGlobalSection
	GlobalSection(SolutionProperties) = preSolution
		HideSolutionNode = FALSE
	EndGlobalSection
EndGlobal
